
Microsoft Visual Studio Solution File, Format Version 12.00
# Visual Studio 15
VisualStudioVersion = 15.0.28307.1000
MinimumVisualStudioVersion = 10.0.40219.1
Project("{FAE04EC0-301F-11D3-BF4B-00C04F79EFBC}") = "AllegroTest", "AllegroTest\AllegroTest.csproj", "{FD9047B4-00B2-4D0F-B4D4-924E4F9CD177}"
EndProject
Global
	GlobalSection(SolutionConfigurationPlatforms) = preSolution
		Debug|Any CPU = Debug|Any CPU
		Release|Any CPU = Release|Any CPU
	EndGlobalSection
	GlobalSection(ProjectConfigurationPlatforms) = postSolution
		{FD9047B4-00B2-4D0F-B4D4-924E4F9CD177}.Debug|Any CPU.ActiveCfg = Debug|Any CPU
		{FD9047B4-00B2-4D0F-B4D4-924E4F9CD177}.Debug|Any CPU.Build.0 = Debug|Any CPU
		{FD9047B4-00B2-4D0F-B4D4-924E4F9CD177}.Release|Any CPU.ActiveCfg = Release|Any CPU
		{FD9047B4-00B2-4D0F-B4D4-924E4F9CD177}.Release|Any CPU.Build.0 = Release|Any CPU
	EndGlobalSection
	GlobalSection(SolutionProperties) = preSolution
		HideSolutionNode = FALSE
	EndGlobalSection
	GlobalSection(ExtensibilityGlobals) = postSolution
		SolutionGuid = {6DF30058-8A94-457B-9FB8-AAE3D60FE501}
	EndGlobalSection
EndGlobal
